
Microsoft Visual Studio Solution File, Format Version 12.00
# Visual Studio Version 17
VisualStudioVersion = 17.8.34511.84
MinimumVisualStudioVersion = 10.0.40219.1
Project("{2150E333-8FDC-42A3-9474-1A3956D46DE8}") = "src", "src", "{A4F33903-4E0D-4BCE-ACF4-B99E1B0D59D2}"
EndProject
Project("{2150E333-8FDC-42A3-9474-1A3956D46DE8}") = "CorePackages", "CorePackages", "{0E36271D-27A2-446A-B5DB-3BE28457CF0E}"
EndProject
Project("{2150E333-8FDC-42A3-9474-1A3956D46DE8}") = "Projects", "Projects", "{1B5D8F4D-454E-4396-9A92-089B564DC73C}"
EndProject
Project("{9A19103F-16F7-4668-BE54-9A1E7A4F7556}") = "Core.Application", "src\CorePackages\Core.Application\Core.Application.csproj", "{3F7B3C81-BD42-4C12-8EF5-A6F46DF895B5}"
EndProject
Project("{9A19103F-16F7-4668-BE54-9A1E7A4F7556}") = "Core.CrossCuttingConcers", "src\CorePackages\Core.CrossCuttingConcers\Core.CrossCuttingConcers.csproj", "{9C89308C-C259-48A5-8BC7-70179F83C265}"
EndProject
Project("{9A19103F-16F7-4668-BE54-9A1E7A4F7556}") = "Core.ElasticSearch", "src\CorePackages\Core.ElasticSearch\Core.ElasticSearch.csproj", "{BCA8E3FE-BC34-44CF-8A08-AA8885A781D5}"
EndProject
Project("{9A19103F-16F7-4668-BE54-9A1E7A4F7556}") = "Core.Extensions", "src\CorePackages\Core.Extensions\Core.Extensions.csproj", "{2BE3D1A5-02CF-4798-A901-6DBCA29BABDC}"
EndProject
Project("{9A19103F-16F7-4668-BE54-9A1E7A4F7556}") = "Core.Persistence", "src\CorePackages\Core.Persistence\Core.Persistence.csproj", "{FD708166-EDC5-4F3A-94D1-136156082EF6}"
EndProject
Project("{9A19103F-16F7-4668-BE54-9A1E7A4F7556}") = "Core.Security", "src\CorePackages\Core.Security\Core.Security.csproj", "{322439AB-3F5D-4446-A7AF-123525708D99}"
EndProject
Project("{9A19103F-16F7-4668-BE54-9A1E7A4F7556}") = "Core.Utilities", "src\CorePackages\Core.Utilities\Core.Utilities.csproj", "{6D7447EB-5597-495A-B757-A404F4DC2BF1}"
EndProject
Project("{2150E333-8FDC-42A3-9474-1A3956D46DE8}") = "Uroflow", "Uroflow", "{6097D747-E90A-42F1-864A-9D38C2FAAA58}"
EndProject
Project("{FAE04EC0-301F-11D3-BF4B-00C04F79EFBC}") = "Uroflow.Application", "src\Projects\Uroflow\Uroflow.Application\Uroflow.Application.csproj", "{D04160A8-F507-491B-90B4-1DDAA977503E}"
EndProject
Project("{FAE04EC0-301F-11D3-BF4B-00C04F79EFBC}") = "Uroflow.Domain", "src\Projects\Uroflow\Uroflow.Domain\Uroflow.Domain.csproj", "{4AC19AF6-52D6-4C09-9CA5-5932BBD9C82C}"
EndProject
Project("{FAE04EC0-301F-11D3-BF4B-00C04F79EFBC}") = "Uroflow.Infrastructure", "src\Projects\Uroflow\Uroflow.Infrastructure\Uroflow.Infrastructure.csproj", "{D9AAED29-2A6D-40F3-B328-76D0DACD7BE2}"
EndProject
Project("{FAE04EC0-301F-11D3-BF4B-00C04F79EFBC}") = "Uroflow.Persistance", "Uroflow.Persistance\Uroflow.Persistance.csproj", "{D36DA0B8-938D-451C-9A67-45A816C5AA36}"
EndProject
Project("{FAE04EC0-301F-11D3-BF4B-00C04F79EFBC}") = "Uroflow.WebAPI", "src\Projects\Uroflow\Uroflow.WebAPI\Uroflow.WebAPI.csproj", "{FE90B788-6B87-4C46-AB44-B26A7E4BDC58}"
EndProject
Global
	GlobalSection(SolutionConfigurationPlatforms) = preSolution
		Debug|Any CPU = Debug|Any CPU
		Release|Any CPU = Release|Any CPU
	EndGlobalSection
	GlobalSection(ProjectConfigurationPlatforms) = postSolution
		{3F7B3C81-BD42-4C12-8EF5-A6F46DF895B5}.Debug|Any CPU.ActiveCfg = Debug|Any CPU
		{3F7B3C81-BD42-4C12-8EF5-A6F46DF895B5}.Debug|Any CPU.Build.0 = Debug|Any CPU
		{3F7B3C81-BD42-4C12-8EF5-A6F46DF895B5}.Release|Any CPU.ActiveCfg = Release|Any CPU
		{3F7B3C81-BD42-4C12-8EF5-A6F46DF895B5}.Release|Any CPU.Build.0 = Release|Any CPU
		{9C89308C-C259-48A5-8BC7-70179F83C265}.Debug|Any CPU.ActiveCfg = Debug|Any CPU
		{9C89308C-C259-48A5-8BC7-70179F83C265}.Debug|Any CPU.Build.0 = Debug|Any CPU
		{9C89308C-C259-48A5-8BC7-70179F83C265}.Release|Any CPU.ActiveCfg = Release|Any CPU
		{9C89308C-C259-48A5-8BC7-70179F83C265}.Release|Any CPU.Build.0 = Release|Any CPU
		{BCA8E3FE-BC34-44CF-8A08-AA8885A781D5}.Debug|Any CPU.ActiveCfg = Debug|Any CPU
		{BCA8E3FE-BC34-44CF-8A08-AA8885A781D5}.Debug|Any CPU.Build.0 = Debug|Any CPU
		{BCA8E3FE-BC34-44CF-8A08-AA8885A781D5}.Release|Any CPU.ActiveCfg = Release|Any CPU
		{BCA8E3FE-BC34-44CF-8A08-AA8885A781D5}.Release|Any CPU.Build.0 = Release|Any CPU
		{2BE3D1A5-02CF-4798-A901-6DBCA29BABDC}.Debug|Any CPU.ActiveCfg = Debug|Any CPU
		{2BE3D1A5-02CF-4798-A901-6DBCA29BABDC}.Debug|Any CPU.Build.0 = Debug|Any CPU
		{2BE3D1A5-02CF-4798-A901-6DBCA29BABDC}.Release|Any CPU.ActiveCfg = Release|Any CPU
		{2BE3D1A5-02CF-4798-A901-6DBCA29BABDC}.Release|Any CPU.Build.0 = Release|Any CPU
		{FD708166-EDC5-4F3A-94D1-136156082EF6}.Debug|Any CPU.ActiveCfg = Debug|Any CPU
		{FD708166-EDC5-4F3A-94D1-136156082EF6}.Debug|Any CPU.Build.0 = Debug|Any CPU
		{FD708166-EDC5-4F3A-94D1-136156082EF6}.Release|Any CPU.ActiveCfg = Release|Any CPU
		{FD708166-EDC5-4F3A-94D1-136156082EF6}.Release|Any CPU.Build.0 = Release|Any CPU
		{322439AB-3F5D-4446-A7AF-123525708D99}.Debug|Any CPU.ActiveCfg = Debug|Any CPU
		{322439AB-3F5D-4446-A7AF-123525708D99}.Debug|Any CPU.Build.0 = Debug|Any CPU
		{322439AB-3F5D-4446-A7AF-123525708D99}.Release|Any CPU.ActiveCfg = Release|Any CPU
		{322439AB-3F5D-4446-A7AF-123525708D99}.Release|Any CPU.Build.0 = Release|Any CPU
		{6D7447EB-5597-495A-B757-A404F4DC2BF1}.Debug|Any CPU.ActiveCfg = Debug|Any CPU
		{6D7447EB-5597-495A-B757-A404F4DC2BF1}.Debug|Any CPU.Build.0 = Debug|Any CPU
		{6D7447EB-5597-495A-B757-A404F4DC2BF1}.Release|Any CPU.ActiveCfg = Release|Any CPU
		{6D7447EB-5597-495A-B757-A404F4DC2BF1}.Release|Any CPU.Build.0 = Release|Any CPU
		{D04160A8-F507-491B-90B4-1DDAA977503E}.Debug|Any CPU.ActiveCfg = Debug|Any CPU
		{D04160A8-F507-491B-90B4-1DDAA977503E}.Debug|Any CPU.Build.0 = Debug|Any CPU
		{D04160A8-F507-491B-90B4-1DDAA977503E}.Release|Any CPU.ActiveCfg = Release|Any CPU
		{D04160A8-F507-491B-90B4-1DDAA977503E}.Release|Any CPU.Build.0 = Release|Any CPU
		{4AC19AF6-52D6-4C09-9CA5-5932BBD9C82C}.Debug|Any CPU.ActiveCfg = Debug|Any CPU
		{4AC19AF6-52D6-4C09-9CA5-5932BBD9C82C}.Debug|Any CPU.Build.0 = Debug|Any CPU
		{4AC19AF6-52D6-4C09-9CA5-5932BBD9C82C}.Release|Any CPU.ActiveCfg = Release|Any CPU
		{4AC19AF6-52D6-4C09-9CA5-5932BBD9C82C}.Release|Any CPU.Build.0 = Release|Any CPU
		{D9AAED29-2A6D-40F3-B328-76D0DACD7BE2}.Debug|Any CPU.ActiveCfg = Debug|Any CPU
		{D9AAED29-2A6D-40F3-B328-76D0DACD7BE2}.Debug|Any CPU.Build.0 = Debug|Any CPU
		{D9AAED29-2A6D-40F3-B328-76D0DACD7BE2}.Release|Any CPU.ActiveCfg = Release|Any CPU
		{D9AAED29-2A6D-40F3-B328-76D0DACD7BE2}.Release|Any CPU.Build.0 = Release|Any CPU
		{D36DA0B8-938D-451C-9A67-45A816C5AA36}.Debug|Any CPU.ActiveCfg = Debug|Any CPU
		{D36DA0B8-938D-451C-9A67-45A816C5AA36}.Debug|Any CPU.Build.0 = Debug|Any CPU
		{D36DA0B8-938D-451C-9A67-45A816C5AA36}.Release|Any CPU.ActiveCfg = Release|Any CPU
		{D36DA0B8-938D-451C-9A67-45A816C5AA36}.Release|Any CPU.Build.0 = Release|Any CPU
		{FE90B788-6B87-4C46-AB44-B26A7E4BDC58}.Debug|Any CPU.ActiveCfg = Debug|Any CPU
		{FE90B788-6B87-4C46-AB44-B26A7E4BDC58}.Debug|Any CPU.Build.0 = Debug|Any CPU
		{FE90B788-6B87-4C46-AB44-B26A7E4BDC58}.Release|Any CPU.ActiveCfg = Release|Any CPU
		{FE90B788-6B87-4C46-AB44-B26A7E4BDC58}.Release|Any CPU.Build.0 = Release|Any CPU
	EndGlobalSection
	GlobalSection(SolutionProperties) = preSolution
		HideSolutionNode = FALSE
	EndGlobalSection
	GlobalSection(NestedProjects) = preSolution
		{0E36271D-27A2-446A-B5DB-3BE28457CF0E} = {A4F33903-4E0D-4BCE-ACF4-B99E1B0D59D2}
		{1B5D8F4D-454E-4396-9A92-089B564DC73C} = {A4F33903-4E0D-4BCE-ACF4-B99E1B0D59D2}
		{3F7B3C81-BD42-4C12-8EF5-A6F46DF895B5} = {0E36271D-27A2-446A-B5DB-3BE28457CF0E}
		{9C89308C-C259-48A5-8BC7-70179F83C265} = {0E36271D-27A2-446A-B5DB-3BE28457CF0E}
		{BCA8E3FE-BC34-44CF-8A08-AA8885A781D5} = {0E36271D-27A2-446A-B5DB-3BE28457CF0E}
		{2BE3D1A5-02CF-4798-A901-6DBCA29BABDC} = {0E36271D-27A2-446A-B5DB-3BE28457CF0E}
		{FD708166-EDC5-4F3A-94D1-136156082EF6} = {0E36271D-27A2-446A-B5DB-3BE28457CF0E}
		{322439AB-3F5D-4446-A7AF-123525708D99} = {0E36271D-27A2-446A-B5DB-3BE28457CF0E}
		{6D7447EB-5597-495A-B757-A404F4DC2BF1} = {0E36271D-27A2-446A-B5DB-3BE28457CF0E}
		{6097D747-E90A-42F1-864A-9D38C2FAAA58} = {1B5D8F4D-454E-4396-9A92-089B564DC73C}
		{D04160A8-F507-491B-90B4-1DDAA977503E} = {6097D747-E90A-42F1-864A-9D38C2FAAA58}
		{4AC19AF6-52D6-4C09-9CA5-5932BBD9C82C} = {6097D747-E90A-42F1-864A-9D38C2FAAA58}
		{D9AAED29-2A6D-40F3-B328-76D0DACD7BE2} = {6097D747-E90A-42F1-864A-9D38C2FAAA58}
		{D36DA0B8-938D-451C-9A67-45A816C5AA36} = {6097D747-E90A-42F1-864A-9D38C2FAAA58}
		{FE90B788-6B87-4C46-AB44-B26A7E4BDC58} = {6097D747-E90A-42F1-864A-9D38C2FAAA58}
	EndGlobalSection
	GlobalSection(ExtensibilityGlobals) = postSolution
		SolutionGuid = {00CF42C4-D32D-4145-9A5D-248E318279A7}
	EndGlobalSection
EndGlobal
